
Microsoft Visual Studio Solution File, Format Version 11.00
# Visual Studio 2010
Project("{FAE04EC0-301F-11D3-BF4B-00C04F79EFBC}") = "Server", "Server\Server.csproj", "{F83BBFCB-0C15-4BBC-A616-FB4D8DA9A6A3}"
EndProject
Project("{FAE04EC0-301F-11D3-BF4B-00C04F79EFBC}") = "Shared", "Shared\Shared.csproj", "{2E44D5D0-FCC6-42B9-A5FE-32DA3A30F2BE}"
EndProject
Project("{FAE04EC0-301F-11D3-BF4B-00C04F79EFBC}") = "Client", "Client\Client.csproj", "{CBD60B95-19F5-4F3F-9E9F-A2859137A582}"
EndProject
Project("{FAE04EC0-301F-11D3-BF4B-00C04F79EFBC}") = "CampfireFTPAuth", "CampfireFTPAuth\CampfireFTPAuth.csproj", "{4385C880-A173-48DE-8F92-FAF386B7C482}"
EndProject
Project("{FAE04EC0-301F-11D3-BF4B-00C04F79EFBC}") = "ClientWinForms", "ClientWinForms\ClientWinForms.csproj", "{83E9DFAC-0C4C-417B-9F51-8BC4528B5CAD}"
EndProject
Global
	GlobalSection(SolutionConfigurationPlatforms) = preSolution
		Debug|x86 = Debug|x86
		Release|x86 = Release|x86
	EndGlobalSection
	GlobalSection(ProjectConfigurationPlatforms) = postSolution
		{2E44D5D0-FCC6-42B9-A5FE-32DA3A30F2BE}.Debug|x86.ActiveCfg = Debug|Any CPU
		{2E44D5D0-FCC6-42B9-A5FE-32DA3A30F2BE}.Debug|x86.Build.0 = Debug|Any CPU
		{2E44D5D0-FCC6-42B9-A5FE-32DA3A30F2BE}.Release|x86.ActiveCfg = Release|Any CPU
		{2E44D5D0-FCC6-42B9-A5FE-32DA3A30F2BE}.Release|x86.Build.0 = Release|Any CPU
		{4385C880-A173-48DE-8F92-FAF386B7C482}.Debug|x86.ActiveCfg = Debug|Any CPU
		{4385C880-A173-48DE-8F92-FAF386B7C482}.Debug|x86.Build.0 = Debug|Any CPU
		{4385C880-A173-48DE-8F92-FAF386B7C482}.Release|x86.ActiveCfg = Release|Any CPU
		{4385C880-A173-48DE-8F92-FAF386B7C482}.Release|x86.Build.0 = Release|Any CPU
		{83E9DFAC-0C4C-417B-9F51-8BC4528B5CAD}.Debug|x86.ActiveCfg = Debug|x86
		{83E9DFAC-0C4C-417B-9F51-8BC4528B5CAD}.Debug|x86.Build.0 = Debug|x86
		{83E9DFAC-0C4C-417B-9F51-8BC4528B5CAD}.Release|x86.ActiveCfg = Release|x86
		{83E9DFAC-0C4C-417B-9F51-8BC4528B5CAD}.Release|x86.Build.0 = Release|x86
		{CBD60B95-19F5-4F3F-9E9F-A2859137A582}.Debug|x86.ActiveCfg = Debug|x86
		{CBD60B95-19F5-4F3F-9E9F-A2859137A582}.Debug|x86.Build.0 = Debug|x86
		{CBD60B95-19F5-4F3F-9E9F-A2859137A582}.Release|x86.ActiveCfg = Release|x86
		{CBD60B95-19F5-4F3F-9E9F-A2859137A582}.Release|x86.Build.0 = Release|x86
		{F83BBFCB-0C15-4BBC-A616-FB4D8DA9A6A3}.Debug|x86.ActiveCfg = Debug|x86
		{F83BBFCB-0C15-4BBC-A616-FB4D8DA9A6A3}.Debug|x86.Build.0 = Debug|x86
		{F83BBFCB-0C15-4BBC-A616-FB4D8DA9A6A3}.Release|x86.ActiveCfg = Release|x86
		{F83BBFCB-0C15-4BBC-A616-FB4D8DA9A6A3}.Release|x86.Build.0 = Release|x86
	EndGlobalSection
	GlobalSection(MonoDevelopProperties) = preSolution
		StartupItem = ClientWinForms\ClientWinForms.csproj
		Policies = $0
		$0.StandardHeader = $1
		$1.Text = @\n PT SYNC\n 2013 Lee Brunjes\n\t\n A one way file sync System. \n\n
		$1.IncludeInNewFiles = True
	EndGlobalSection
EndGlobal
